
Microsoft Visual Studio Solution File, Format Version 12.00
# Visual Studio Version 16
VisualStudioVersion = 25.0.1704.5
MinimumVisualStudioVersion = 10.0.40219.1
Project("{FAE04EC0-301F-11D3-BF4B-00C04F79EFBC}") = "MulticastDelegate", "MulticastDelegate\MulticastDelegate.csproj", "{D31F5754-FC11-4AD4-9317-C25058397124}"
EndProject
Project("{FAE04EC0-301F-11D3-BF4B-00C04F79EFBC}") = "Dictionary", "Dictionary\Dictionary.csproj", "{A8C70345-1A99-4A2A-B04E-46F55DB6E27B}"
EndProject
Project("{FAE04EC0-301F-11D3-BF4B-00C04F79EFBC}") = "Sets", "Sets\Sets.csproj", "{B6A51176-6A13-48EA-A7EC-BFC7293599FB}"
EndProject
Project("{FAE04EC0-301F-11D3-BF4B-00C04F79EFBC}") = "AbstractPayers", "AbstractPayers\AbstractPayers.csproj", "{D3D455ED-ED97-41FE-9160-3FF514107634}"
EndProject
Project("{FAE04EC0-301F-11D3-BF4B-00C04F79EFBC}") = "AbstractShapes", "AbstractShapes\AbstractShapes.csproj", "{82076D20-763C-43D9-A023-8395080FA84E}"
EndProject
Project("{FAE04EC0-301F-11D3-BF4B-00C04F79EFBC}") = "EnumeratorOrder", "EnumeratorOrder\EnumeratorOrder.csproj", "{5C0D8DED-F9A3-4950-9F1B-FE71120077B9}"
EndProject
Project("{FAE04EC0-301F-11D3-BF4B-00C04F79EFBC}") = "EnumeratorWorker", "EnumeratorWorker\EnumeratorWorker.csproj", "{313E3455-EA5B-427C-8FCB-D06C02B4E43C}"
EndProject
Project("{FAE04EC0-301F-11D3-BF4B-00C04F79EFBC}") = "ScheduleException", "ScheduleException\ScheduleException.csproj", "{8D61E01A-50CF-4701-83EB-A6A4FD825C4E}"
EndProject
Project("{FAE04EC0-301F-11D3-BF4B-00C04F79EFBC}") = "FinancialException", "FinancialException\FinancialException.csproj", "{82E9AEAC-745D-4926-BB58-D76A1FAED610}"
EndProject
Project("{FAE04EC0-301F-11D3-BF4B-00C04F79EFBC}") = "EmployeeInheritance", "EmployeeInheritance\EmployeeInheritance.csproj", "{8DBC76CC-CC74-43A3-94D3-784122CE414B}"
EndProject
Project("{FAE04EC0-301F-11D3-BF4B-00C04F79EFBC}") = "ProductInheritance", "ProductInheritance\ProductInheritance.csproj", "{9ABBA5DE-A323-470D-BD0C-F57BDE6E1624}"
EndProject
Project("{FAE04EC0-301F-11D3-BF4B-00C04F79EFBC}") = "ContractInterface", "ContractInterface\ContractInterface.csproj", "{2AD812A7-EB3D-4306-B0DF-9CD704EEDCB2}"
EndProject
Project("{FAE04EC0-301F-11D3-BF4B-00C04F79EFBC}") = "ServiceInterface", "ServiceInterface\ServiceInterface.csproj", "{D4496645-50A1-4F34-AF2C-F46D0FA2A81A}"
EndProject
Project("{FAE04EC0-301F-11D3-BF4B-00C04F79EFBC}") = "SpecialTopics", "SpecialTopics\SpecialTopics.csproj", "{5068C9C6-B8E1-45DD-921C-6D0A2FFD8EBF}"
EndProject
Project("{FAE04EC0-301F-11D3-BF4B-00C04F79EFBC}") = "StringTopic", "StringTopic\StringTopic.csproj", "{CFD79646-4BCD-4F3A-81B2-6FB5633913C4}"
EndProject
Project("{FAE04EC0-301F-11D3-BF4B-00C04F79EFBC}") = "Directory", "Directory\Directory.csproj", "{660DF524-091F-4F51-84BC-D1FD9C342B4F}"
EndProject
Project("{FAE04EC0-301F-11D3-BF4B-00C04F79EFBC}") = "FileInfo", "FileInfo\FileInfo.csproj", "{354A4CF2-6F4F-49AD-A464-13AEABCE7B37}"
EndProject
Project("{FAE04EC0-301F-11D3-BF4B-00C04F79EFBC}") = "FileStream", "FileStream\FileStream.csproj", "{F5901CA1-03FA-477E-A1B2-466A12C5DC85}"
EndProject
Project("{FAE04EC0-301F-11D3-BF4B-00C04F79EFBC}") = "Path", "Path\Path.csproj", "{AA52D539-2155-4F26-BDB7-93FDB2BB196F}"
EndProject
Project("{FAE04EC0-301F-11D3-BF4B-00C04F79EFBC}") = "StreamWriter", "StreamWriter\StreamWriter.csproj", "{3DB26CC4-2E64-4835-A432-0779581A266A}"
EndProject
Global
	GlobalSection(SolutionConfigurationPlatforms) = preSolution
		Debug|Any CPU = Debug|Any CPU
		Release|Any CPU = Release|Any CPU
	EndGlobalSection
	GlobalSection(ProjectConfigurationPlatforms) = postSolution
		{D31F5754-FC11-4AD4-9317-C25058397124}.Debug|Any CPU.ActiveCfg = Debug|Any CPU
		{D31F5754-FC11-4AD4-9317-C25058397124}.Debug|Any CPU.Build.0 = Debug|Any CPU
		{D31F5754-FC11-4AD4-9317-C25058397124}.Release|Any CPU.ActiveCfg = Release|Any CPU
		{D31F5754-FC11-4AD4-9317-C25058397124}.Release|Any CPU.Build.0 = Release|Any CPU
		{A8C70345-1A99-4A2A-B04E-46F55DB6E27B}.Debug|Any CPU.ActiveCfg = Debug|Any CPU
		{A8C70345-1A99-4A2A-B04E-46F55DB6E27B}.Debug|Any CPU.Build.0 = Debug|Any CPU
		{A8C70345-1A99-4A2A-B04E-46F55DB6E27B}.Release|Any CPU.ActiveCfg = Release|Any CPU
		{A8C70345-1A99-4A2A-B04E-46F55DB6E27B}.Release|Any CPU.Build.0 = Release|Any CPU
		{B6A51176-6A13-48EA-A7EC-BFC7293599FB}.Debug|Any CPU.ActiveCfg = Debug|Any CPU
		{B6A51176-6A13-48EA-A7EC-BFC7293599FB}.Debug|Any CPU.Build.0 = Debug|Any CPU
		{B6A51176-6A13-48EA-A7EC-BFC7293599FB}.Release|Any CPU.ActiveCfg = Release|Any CPU
		{B6A51176-6A13-48EA-A7EC-BFC7293599FB}.Release|Any CPU.Build.0 = Release|Any CPU
		{D3D455ED-ED97-41FE-9160-3FF514107634}.Debug|Any CPU.ActiveCfg = Debug|Any CPU
		{D3D455ED-ED97-41FE-9160-3FF514107634}.Debug|Any CPU.Build.0 = Debug|Any CPU
		{D3D455ED-ED97-41FE-9160-3FF514107634}.Release|Any CPU.ActiveCfg = Release|Any CPU
		{D3D455ED-ED97-41FE-9160-3FF514107634}.Release|Any CPU.Build.0 = Release|Any CPU
		{82076D20-763C-43D9-A023-8395080FA84E}.Debug|Any CPU.ActiveCfg = Debug|Any CPU
		{82076D20-763C-43D9-A023-8395080FA84E}.Debug|Any CPU.Build.0 = Debug|Any CPU
		{82076D20-763C-43D9-A023-8395080FA84E}.Release|Any CPU.ActiveCfg = Release|Any CPU
		{82076D20-763C-43D9-A023-8395080FA84E}.Release|Any CPU.Build.0 = Release|Any CPU
		{5C0D8DED-F9A3-4950-9F1B-FE71120077B9}.Debug|Any CPU.ActiveCfg = Debug|Any CPU
		{5C0D8DED-F9A3-4950-9F1B-FE71120077B9}.Debug|Any CPU.Build.0 = Debug|Any CPU
		{5C0D8DED-F9A3-4950-9F1B-FE71120077B9}.Release|Any CPU.ActiveCfg = Release|Any CPU
		{5C0D8DED-F9A3-4950-9F1B-FE71120077B9}.Release|Any CPU.Build.0 = Release|Any CPU
		{313E3455-EA5B-427C-8FCB-D06C02B4E43C}.Debug|Any CPU.ActiveCfg = Debug|Any CPU
		{313E3455-EA5B-427C-8FCB-D06C02B4E43C}.Debug|Any CPU.Build.0 = Debug|Any CPU
		{313E3455-EA5B-427C-8FCB-D06C02B4E43C}.Release|Any CPU.ActiveCfg = Release|Any CPU
		{313E3455-EA5B-427C-8FCB-D06C02B4E43C}.Release|Any CPU.Build.0 = Release|Any CPU
		{8D61E01A-50CF-4701-83EB-A6A4FD825C4E}.Debug|Any CPU.ActiveCfg = Debug|Any CPU
		{8D61E01A-50CF-4701-83EB-A6A4FD825C4E}.Debug|Any CPU.Build.0 = Debug|Any CPU
		{8D61E01A-50CF-4701-83EB-A6A4FD825C4E}.Release|Any CPU.ActiveCfg = Release|Any CPU
		{8D61E01A-50CF-4701-83EB-A6A4FD825C4E}.Release|Any CPU.Build.0 = Release|Any CPU
		{82E9AEAC-745D-4926-BB58-D76A1FAED610}.Debug|Any CPU.ActiveCfg = Debug|Any CPU
		{82E9AEAC-745D-4926-BB58-D76A1FAED610}.Debug|Any CPU.Build.0 = Debug|Any CPU
		{82E9AEAC-745D-4926-BB58-D76A1FAED610}.Release|Any CPU.ActiveCfg = Release|Any CPU
		{82E9AEAC-745D-4926-BB58-D76A1FAED610}.Release|Any CPU.Build.0 = Release|Any CPU
		{8DBC76CC-CC74-43A3-94D3-784122CE414B}.Debug|Any CPU.ActiveCfg = Debug|Any CPU
		{8DBC76CC-CC74-43A3-94D3-784122CE414B}.Debug|Any CPU.Build.0 = Debug|Any CPU
		{8DBC76CC-CC74-43A3-94D3-784122CE414B}.Release|Any CPU.ActiveCfg = Release|Any CPU
		{8DBC76CC-CC74-43A3-94D3-784122CE414B}.Release|Any CPU.Build.0 = Release|Any CPU
		{9ABBA5DE-A323-470D-BD0C-F57BDE6E1624}.Debug|Any CPU.ActiveCfg = Debug|Any CPU
		{9ABBA5DE-A323-470D-BD0C-F57BDE6E1624}.Debug|Any CPU.Build.0 = Debug|Any CPU
		{9ABBA5DE-A323-470D-BD0C-F57BDE6E1624}.Release|Any CPU.ActiveCfg = Release|Any CPU
		{9ABBA5DE-A323-470D-BD0C-F57BDE6E1624}.Release|Any CPU.Build.0 = Release|Any CPU
		{2AD812A7-EB3D-4306-B0DF-9CD704EEDCB2}.Debug|Any CPU.ActiveCfg = Debug|Any CPU
		{2AD812A7-EB3D-4306-B0DF-9CD704EEDCB2}.Debug|Any CPU.Build.0 = Debug|Any CPU
		{2AD812A7-EB3D-4306-B0DF-9CD704EEDCB2}.Release|Any CPU.ActiveCfg = Release|Any CPU
		{2AD812A7-EB3D-4306-B0DF-9CD704EEDCB2}.Release|Any CPU.Build.0 = Release|Any CPU
		{D4496645-50A1-4F34-AF2C-F46D0FA2A81A}.Debug|Any CPU.ActiveCfg = Debug|Any CPU
		{D4496645-50A1-4F34-AF2C-F46D0FA2A81A}.Debug|Any CPU.Build.0 = Debug|Any CPU
		{D4496645-50A1-4F34-AF2C-F46D0FA2A81A}.Release|Any CPU.ActiveCfg = Release|Any CPU
		{D4496645-50A1-4F34-AF2C-F46D0FA2A81A}.Release|Any CPU.Build.0 = Release|Any CPU
		{5068C9C6-B8E1-45DD-921C-6D0A2FFD8EBF}.Debug|Any CPU.ActiveCfg = Debug|Any CPU
		{5068C9C6-B8E1-45DD-921C-6D0A2FFD8EBF}.Debug|Any CPU.Build.0 = Debug|Any CPU
		{5068C9C6-B8E1-45DD-921C-6D0A2FFD8EBF}.Release|Any CPU.ActiveCfg = Release|Any CPU
		{5068C9C6-B8E1-45DD-921C-6D0A2FFD8EBF}.Release|Any CPU.Build.0 = Release|Any CPU
		{CFD79646-4BCD-4F3A-81B2-6FB5633913C4}.Debug|Any CPU.ActiveCfg = Debug|Any CPU
		{CFD79646-4BCD-4F3A-81B2-6FB5633913C4}.Debug|Any CPU.Build.0 = Debug|Any CPU
		{CFD79646-4BCD-4F3A-81B2-6FB5633913C4}.Release|Any CPU.ActiveCfg = Release|Any CPU
		{CFD79646-4BCD-4F3A-81B2-6FB5633913C4}.Release|Any CPU.Build.0 = Release|Any CPU
		{660DF524-091F-4F51-84BC-D1FD9C342B4F}.Debug|Any CPU.ActiveCfg = Debug|Any CPU
		{660DF524-091F-4F51-84BC-D1FD9C342B4F}.Debug|Any CPU.Build.0 = Debug|Any CPU
		{660DF524-091F-4F51-84BC-D1FD9C342B4F}.Release|Any CPU.ActiveCfg = Release|Any CPU
		{660DF524-091F-4F51-84BC-D1FD9C342B4F}.Release|Any CPU.Build.0 = Release|Any CPU
		{354A4CF2-6F4F-49AD-A464-13AEABCE7B37}.Debug|Any CPU.ActiveCfg = Debug|Any CPU
		{354A4CF2-6F4F-49AD-A464-13AEABCE7B37}.Debug|Any CPU.Build.0 = Debug|Any CPU
		{354A4CF2-6F4F-49AD-A464-13AEABCE7B37}.Release|Any CPU.ActiveCfg = Release|Any CPU
		{354A4CF2-6F4F-49AD-A464-13AEABCE7B37}.Release|Any CPU.Build.0 = Release|Any CPU
		{F5901CA1-03FA-477E-A1B2-466A12C5DC85}.Debug|Any CPU.ActiveCfg = Debug|Any CPU
		{F5901CA1-03FA-477E-A1B2-466A12C5DC85}.Debug|Any CPU.Build.0 = Debug|Any CPU
		{F5901CA1-03FA-477E-A1B2-466A12C5DC85}.Release|Any CPU.ActiveCfg = Release|Any CPU
		{F5901CA1-03FA-477E-A1B2-466A12C5DC85}.Release|Any CPU.Build.0 = Release|Any CPU
		{AA52D539-2155-4F26-BDB7-93FDB2BB196F}.Debug|Any CPU.ActiveCfg = Debug|Any CPU
		{AA52D539-2155-4F26-BDB7-93FDB2BB196F}.Debug|Any CPU.Build.0 = Debug|Any CPU
		{AA52D539-2155-4F26-BDB7-93FDB2BB196F}.Release|Any CPU.ActiveCfg = Release|Any CPU
		{AA52D539-2155-4F26-BDB7-93FDB2BB196F}.Release|Any CPU.Build.0 = Release|Any CPU
		{3DB26CC4-2E64-4835-A432-0779581A266A}.Debug|Any CPU.ActiveCfg = Debug|Any CPU
		{3DB26CC4-2E64-4835-A432-0779581A266A}.Debug|Any CPU.Build.0 = Debug|Any CPU
		{3DB26CC4-2E64-4835-A432-0779581A266A}.Release|Any CPU.ActiveCfg = Release|Any CPU
		{3DB26CC4-2E64-4835-A432-0779581A266A}.Release|Any CPU.Build.0 = Release|Any CPU
	EndGlobalSection
	GlobalSection(SolutionProperties) = preSolution
		HideSolutionNode = FALSE
	EndGlobalSection
	GlobalSection(ExtensibilityGlobals) = postSolution
		SolutionGuid = {95B1604C-0F0A-4631-B957-9DD29B4DDAF7}
	EndGlobalSection
EndGlobal
