
Microsoft Visual Studio Solution File, Format Version 12.00
# Visual Studio Version 16
VisualStudioVersion = 25.0.1704.5
MinimumVisualStudioVersion = 10.0.40219.1
Project("{FAE04EC0-301F-11D3-BF4B-00C04F79EFBC}") = "MulticastDelegate", "MulticastDelegate\MulticastDelegate.csproj", "{D31F5754-FC11-4AD4-9317-C25058397124}"
EndProject
Global
	GlobalSection(SolutionConfigurationPlatforms) = preSolution
		Debug|Any CPU = Debug|Any CPU
		Release|Any CPU = Release|Any CPU
	EndGlobalSection
	GlobalSection(ProjectConfigurationPlatforms) = postSolution
		{D31F5754-FC11-4AD4-9317-C25058397124}.Debug|Any CPU.ActiveCfg = Debug|Any CPU
		{D31F5754-FC11-4AD4-9317-C25058397124}.Debug|Any CPU.Build.0 = Debug|Any CPU
		{D31F5754-FC11-4AD4-9317-C25058397124}.Release|Any CPU.ActiveCfg = Release|Any CPU
		{D31F5754-FC11-4AD4-9317-C25058397124}.Release|Any CPU.Build.0 = Release|Any CPU
	EndGlobalSection
	GlobalSection(SolutionProperties) = preSolution
		HideSolutionNode = FALSE
	EndGlobalSection
	GlobalSection(ExtensibilityGlobals) = postSolution
		SolutionGuid = {95B1604C-0F0A-4631-B957-9DD29B4DDAF7}
	EndGlobalSection
EndGlobal
